
Microsoft Visual Studio Solution File, Format Version 12.00
# Visual Studio 15
VisualStudioVersion = 15.0.28307.1267
MinimumVisualStudioVersion = 10.0.40219.1
Project("{FAE04EC0-301F-11D3-BF4B-00C04F79EFBC}") = "Szejent2", "Szejent2\Szejent2.csproj", "{1A1404C4-C1E7-4CB4-BDA4-41C297261CC4}"
EndProject
Project("{54435603-DBB4-11D2-8724-00A0C9A8B90C}") = "Szejent2Kurulum", "Szejent2Kurulum\Szejent2Kurulum.vdproj", "{369FAB71-0A77-46F4-9523-56566648F6B8}"
EndProject
Global
	GlobalSection(SolutionConfigurationPlatforms) = preSolution
		Debug|Any CPU = Debug|Any CPU
		Release|Any CPU = Release|Any CPU
	EndGlobalSection
	GlobalSection(ProjectConfigurationPlatforms) = postSolution
		{1A1404C4-C1E7-4CB4-BDA4-41C297261CC4}.Debug|Any CPU.ActiveCfg = Debug|Any CPU
		{1A1404C4-C1E7-4CB4-BDA4-41C297261CC4}.Debug|Any CPU.Build.0 = Debug|Any CPU
		{1A1404C4-C1E7-4CB4-BDA4-41C297261CC4}.Release|Any CPU.ActiveCfg = Release|Any CPU
		{1A1404C4-C1E7-4CB4-BDA4-41C297261CC4}.Release|Any CPU.Build.0 = Release|Any CPU
		{369FAB71-0A77-46F4-9523-56566648F6B8}.Debug|Any CPU.ActiveCfg = Debug
		{369FAB71-0A77-46F4-9523-56566648F6B8}.Release|Any CPU.ActiveCfg = Release
	EndGlobalSection
	GlobalSection(SolutionProperties) = preSolution
		HideSolutionNode = FALSE
	EndGlobalSection
	GlobalSection(ExtensibilityGlobals) = postSolution
		SolutionGuid = {07F55518-FE38-421E-A01C-EB81531922E4}
	EndGlobalSection
EndGlobal
